
Microsoft Visual Studio Solution File, Format Version 12.00
# Visual Studio Version 17
VisualStudioVersion = 17.13.35919.96 d17.13
MinimumVisualStudioVersion = 10.0.40219.1
Project("{FAE04EC0-301F-11D3-BF4B-00C04F79EFBC}") = "HelloWorld", "HelloWorld\HelloWorld.csproj", "{8D9A984F-9E95-4361-8CC1-DF55E9765CC8}"
EndProject
Global
	GlobalSection(SolutionConfigurationPlatforms) = preSolution
		Debug|Any CPU = Debug|Any CPU
		Release|Any CPU = Release|Any CPU
	EndGlobalSection
	GlobalSection(ProjectConfigurationPlatforms) = postSolution
		{8D9A984F-9E95-4361-8CC1-DF55E9765CC8}.Debug|Any CPU.ActiveCfg = Debug|Any CPU
		{8D9A984F-9E95-4361-8CC1-DF55E9765CC8}.Debug|Any CPU.Build.0 = Debug|Any CPU
		{8D9A984F-9E95-4361-8CC1-DF55E9765CC8}.Release|Any CPU.ActiveCfg = Release|Any CPU
		{8D9A984F-9E95-4361-8CC1-DF55E9765CC8}.Release|Any CPU.Build.0 = Release|Any CPU
	EndGlobalSection
	GlobalSection(SolutionProperties) = preSolution
		HideSolutionNode = FALSE
	EndGlobalSection
	GlobalSection(ExtensibilityGlobals) = postSolution
		SolutionGuid = {0F041720-8CB1-47D0-BBC6-6AAEDF246E40}
	EndGlobalSection
EndGlobal
